// !$*UTF8*$!
{
	archiveVersion = 1;
	classes = {
	};
	objectVersion = 46;
	objects = {

/* Begin PBXBuildFile section */
		050763071EF637920007A180 /* PhotoHorizontalTableViewCell.swift in Sources */ = {isa = PBXBuildFile; fileRef = 050763061EF637920007A180 /* PhotoHorizontalTableViewCell.swift */; };
		0507630B1EF63A4C0007A180 /* PhotosHorizontalTableViewController.swift in Sources */ = {isa = PBXBuildFile; fileRef = 0507630A1EF63A4C0007A180 /* PhotosHorizontalTableViewController.swift */; };
		05196F2B1EDB4B930063C20B /* PhotosTableViewController.swift in Sources */ = {isa = PBXBuildFile; fileRef = 05196F2A1EDB4B930063C20B /* PhotosTableViewController.swift */; };
		05196F2D1EDB4D3D0063C20B /* PhotoTableViewCell.swift in Sources */ = {isa = PBXBuildFile; fileRef = 05196F2C1EDB4D3D0063C20B /* PhotoTableViewCell.swift */; };
		05196F2F1EDC8ABE0063C20B /* Constants.swift in Sources */ = {isa = PBXBuildFile; fileRef = 05196F2E1EDC8ABE0063C20B /* Constants.swift */; };
		05196F311EDD00AF0063C20B /* RefreshView.swift in Sources */ = {isa = PBXBuildFile; fileRef = 05196F301EDD00AF0063C20B /* RefreshView.swift */; };
		0558BF6D1EC41E66004B4B04 /* AppDelegate.swift in Sources */ = {isa = PBXBuildFile; fileRef = 0558BF6C1EC41E66004B4B04 /* AppDelegate.swift */; };
		0558BF6F1EC41E66004B4B04 /* ViewController.swift in Sources */ = {isa = PBXBuildFile; fileRef = 0558BF6E1EC41E66004B4B04 /* ViewController.swift */; };
		0558BF721EC41E66004B4B04 /* Main.storyboard in Resources */ = {isa = PBXBuildFile; fileRef = 0558BF701EC41E66004B4B04 /* Main.storyboard */; };
		0558BF741EC41E66004B4B04 /* Assets.xcassets in Resources */ = {isa = PBXBuildFile; fileRef = 0558BF731EC41E66004B4B04 /* Assets.xcassets */; };
		0558BF771EC41E66004B4B04 /* LaunchScreen.storyboard in Resources */ = {isa = PBXBuildFile; fileRef = 0558BF751EC41E66004B4B04 /* LaunchScreen.storyboard */; };
		0558BF7F1EC422DF004B4B04 /* PhotosBrowserViewController.swift in Sources */ = {isa = PBXBuildFile; fileRef = 0558BF7E1EC422DF004B4B04 /* PhotosBrowserViewController.swift */; };
		0558BF841EC42468004B4B04 /* Flickr.swift in Sources */ = {isa = PBXBuildFile; fileRef = 0558BF811EC42468004B4B04 /* Flickr.swift */; };
		0558BF851EC42468004B4B04 /* FlickrPhoto.swift in Sources */ = {isa = PBXBuildFile; fileRef = 0558BF821EC42468004B4B04 /* FlickrPhoto.swift */; };
		0558BF861EC42468004B4B04 /* FlickrSearchResults.swift in Sources */ = {isa = PBXBuildFile; fileRef = 0558BF831EC42468004B4B04 /* FlickrSearchResults.swift */; };
		0558BF8C1EC42F71004B4B04 /* PhotoBrowserCell.swift in Sources */ = {isa = PBXBuildFile; fileRef = 0558BF8B1EC42F71004B4B04 /* PhotoBrowserCell.swift */; };
		05C3F3821ECC08D400C09AAB /* PhotoBrowserHeaderView.swift in Sources */ = {isa = PBXBuildFile; fileRef = 05C3F3811ECC08D400C09AAB /* PhotoBrowserHeaderView.swift */; };
/* End PBXBuildFile section */

/* Begin PBXFileReference section */
		050763061EF637920007A180 /* PhotoHorizontalTableViewCell.swift */ = {isa = PBXFileReference; fileEncoding = 4; lastKnownFileType = sourcecode.swift; path = PhotoHorizontalTableViewCell.swift; sourceTree = "<group>"; };
		0507630A1EF63A4C0007A180 /* PhotosHorizontalTableViewController.swift */ = {isa = PBXFileReference; fileEncoding = 4; lastKnownFileType = sourcecode.swift; path = PhotosHorizontalTableViewController.swift; sourceTree = "<group>"; };
		05196F2A1EDB4B930063C20B /* PhotosTableViewController.swift */ = {isa = PBXFileReference; fileEncoding = 4; lastKnownFileType = sourcecode.swift; path = PhotosTableViewController.swift; sourceTree = "<group>"; };
		05196F2C1EDB4D3D0063C20B /* PhotoTableViewCell.swift */ = {isa = PBXFileReference; fileEncoding = 4; lastKnownFileType = sourcecode.swift; path = PhotoTableViewCell.swift; sourceTree = "<group>"; };
		05196F2E1EDC8ABE0063C20B /* Constants.swift */ = {isa = PBXFileReference; fileEncoding = 4; lastKnownFileType = sourcecode.swift; path = Constants.swift; sourceTree = "<group>"; };
		05196F301EDD00AF0063C20B /* RefreshView.swift */ = {isa = PBXFileReference; fileEncoding = 4; lastKnownFileType = sourcecode.swift; path = RefreshView.swift; sourceTree = "<group>"; };
		0558BF691EC41E66004B4B04 /* PhotoBrowser.app */ = {isa = PBXFileReference; explicitFileType = wrapper.application; includeInIndex = 0; path = PhotoBrowser.app; sourceTree = BUILT_PRODUCTS_DIR; };
		0558BF6C1EC41E66004B4B04 /* AppDelegate.swift */ = {isa = PBXFileReference; lastKnownFileType = sourcecode.swift; path = AppDelegate.swift; sourceTree = "<group>"; };
		0558BF6E1EC41E66004B4B04 /* ViewController.swift */ = {isa = PBXFileReference; lastKnownFileType = sourcecode.swift; path = ViewController.swift; sourceTree = "<group>"; };
		0558BF711EC41E66004B4B04 /* Base */ = {isa = PBXFileReference; lastKnownFileType = file.storyboard; name = Base; path = Base.lproj/Main.storyboard; sourceTree = "<group>"; };
		0558BF731EC41E66004B4B04 /* Assets.xcassets */ = {isa = PBXFileReference; lastKnownFileType = folder.assetcatalog; path = Assets.xcassets; sourceTree = "<group>"; };
		0558BF761EC41E66004B4B04 /* Base */ = {isa = PBXFileReference; lastKnownFileType = file.storyboard; name = Base; path = Base.lproj/LaunchScreen.storyboard; sourceTree = "<group>"; };
		0558BF781EC41E66004B4B04 /* Info.plist */ = {isa = PBXFileReference; lastKnownFileType = text.plist.xml; path = Info.plist; sourceTree = "<group>"; };
		0558BF7E1EC422DF004B4B04 /* PhotosBrowserViewController.swift */ = {isa = PBXFileReference; fileEncoding = 4; lastKnownFileType = sourcecode.swift; path = PhotosBrowserViewController.swift; sourceTree = "<group>"; };
		0558BF811EC42468004B4B04 /* Flickr.swift */ = {isa = PBXFileReference; fileEncoding = 4; lastKnownFileType = sourcecode.swift; name = Flickr.swift; path = Flickr/Flickr.swift; sourceTree = "<group>"; };
		0558BF821EC42468004B4B04 /* FlickrPhoto.swift */ = {isa = PBXFileReference; fileEncoding = 4; lastKnownFileType = sourcecode.swift; name = FlickrPhoto.swift; path = Flickr/FlickrPhoto.swift; sourceTree = "<group>"; };
		0558BF831EC42468004B4B04 /* FlickrSearchResults.swift */ = {isa = PBXFileReference; fileEncoding = 4; lastKnownFileType = sourcecode.swift; name = FlickrSearchResults.swift; path = Flickr/FlickrSearchResults.swift; sourceTree = "<group>"; };
		0558BF8B1EC42F71004B4B04 /* PhotoBrowserCell.swift */ = {isa = PBXFileReference; fileEncoding = 4; lastKnownFileType = sourcecode.swift; path = PhotoBrowserCell.swift; sourceTree = "<group>"; };
		05C3F3811ECC08D400C09AAB /* PhotoBrowserHeaderView.swift */ = {isa = PBXFileReference; fileEncoding = 4; lastKnownFileType = sourcecode.swift; path = PhotoBrowserHeaderView.swift; sourceTree = "<group>"; };
/* End PBXFileReference section */

/* Begin PBXFrameworksBuildPhase section */
		0558BF661EC41E66004B4B04 /* Frameworks */ = {
			isa = PBXFrameworksBuildPhase;
			buildActionMask = 2147483647;
			files = (
			);
			runOnlyForDeploymentPostprocessing = 0;
		};
/* End PBXFrameworksBuildPhase section */

/* Begin PBXGroup section */
		0558BF601EC41E66004B4B04 = {
			isa = PBXGroup;
			children = (
				0558BF6B1EC41E66004B4B04 /* PhotoBrowser */,
				0558BF6A1EC41E66004B4B04 /* Products */,
			);
			sourceTree = "<group>";
		};
		0558BF6A1EC41E66004B4B04 /* Products */ = {
			isa = PBXGroup;
			children = (
				0558BF691EC41E66004B4B04 /* PhotoBrowser.app */,
			);
			name = Products;
			sourceTree = "<group>";
		};
		0558BF6B1EC41E66004B4B04 /* PhotoBrowser */ = {
			isa = PBXGroup;
			children = (
				0558BF801EC4242F004B4B04 /* Flickr */,
				0558BF6C1EC41E66004B4B04 /* AppDelegate.swift */,
				05196F301EDD00AF0063C20B /* RefreshView.swift */,
				0558BF6E1EC41E66004B4B04 /* ViewController.swift */,
				0507630A1EF63A4C0007A180 /* PhotosHorizontalTableViewController.swift */,
				0558BF7E1EC422DF004B4B04 /* PhotosBrowserViewController.swift */,
				05C3F3811ECC08D400C09AAB /* PhotoBrowserHeaderView.swift */,
				05196F2A1EDB4B930063C20B /* PhotosTableViewController.swift */,
				0558BF701EC41E66004B4B04 /* Main.storyboard */,
				0558BF731EC41E66004B4B04 /* Assets.xcassets */,
				0558BF751EC41E66004B4B04 /* LaunchScreen.storyboard */,
				0558BF781EC41E66004B4B04 /* Info.plist */,
				0558BF8B1EC42F71004B4B04 /* PhotoBrowserCell.swift */,
				050763061EF637920007A180 /* PhotoHorizontalTableViewCell.swift */,
				05196F2C1EDB4D3D0063C20B /* PhotoTableViewCell.swift */,
				05196F2E1EDC8ABE0063C20B /* Constants.swift */,
			);
			path = PhotoBrowser;
			sourceTree = "<group>";
		};
		0558BF801EC4242F004B4B04 /* Flickr */ = {
			isa = PBXGroup;
			children = (
				0558BF811EC42468004B4B04 /* Flickr.swift */,
				0558BF821EC42468004B4B04 /* FlickrPhoto.swift */,
				0558BF831EC42468004B4B04 /* FlickrSearchResults.swift */,
			);
			name = Flickr;
			sourceTree = "<group>";
		};
/* End PBXGroup section */

/* Begin PBXNativeTarget section */
		0558BF681EC41E66004B4B04 /* PhotoBrowser */ = {
			isa = PBXNativeTarget;
			buildConfigurationList = 0558BF7B1EC41E66004B4B04 /* Build configuration list for PBXNativeTarget "PhotoBrowser" */;
			buildPhases = (
				0558BF651EC41E66004B4B04 /* Sources */,
				0558BF661EC41E66004B4B04 /* Frameworks */,
				0558BF671EC41E66004B4B04 /* Resources */,
			);
			buildRules = (
			);
			dependencies = (
			);
			name = PhotoBrowser;
			productName = PhotoBrowser;
			productReference = 0558BF691EC41E66004B4B04 /* PhotoBrowser.app */;
			productType = "com.apple.product-type.application";
		};
/* End PBXNativeTarget section */

/* Begin PBXProject section */
		0558BF611EC41E66004B4B04 /* Project object */ = {
			isa = PBXProject;
			attributes = {
				LastSwiftUpdateCheck = 0830;
				LastUpgradeCheck = 0830;
				ORGANIZATIONNAME = "Hao Chen";
				TargetAttributes = {
					0558BF681EC41E66004B4B04 = {
						CreatedOnToolsVersion = 8.3.2;
						DevelopmentTeam = 72VNJQFA83;
						ProvisioningStyle = Automatic;
					};
				};
			};
			buildConfigurationList = 0558BF641EC41E66004B4B04 /* Build configuration list for PBXProject "PhotoBrowser" */;
			compatibilityVersion = "Xcode 3.2";
			developmentRegion = English;
			hasScannedForEncodings = 0;
			knownRegions = (
				en,
				Base,
			);
			mainGroup = 0558BF601EC41E66004B4B04;
			productRefGroup = 0558BF6A1EC41E66004B4B04 /* Products */;
			projectDirPath = "";
			projectRoot = "";
			targets = (
				0558BF681EC41E66004B4B04 /* PhotoBrowser */,
			);
		};
/* End PBXProject section */

/* Begin PBXResourcesBuildPhase section */
		0558BF671EC41E66004B4B04 /* Resources */ = {
			isa = PBXResourcesBuildPhase;
			buildActionMask = 2147483647;
			files = (
				0558BF771EC41E66004B4B04 /* LaunchScreen.storyboard in Resources */,
				0558BF741EC41E66004B4B04 /* Assets.xcassets in Resources */,
				0558BF721EC41E66004B4B04 /* Main.storyboard in Resources */,
			);
			runOnlyForDeploymentPostprocessing = 0;
		};
/* End PBXResourcesBuildPhase section */

/* Begin PBXSourcesBuildPhase section */
		0558BF651EC41E66004B4B04 /* Sources */ = {
			isa = PBXSourcesBuildPhase;
			buildActionMask = 2147483647;
			files = (
				050763071EF637920007A180 /* PhotoHorizontalTableViewCell.swift in Sources */,
				05196F2D1EDB4D3D0063C20B /* PhotoTableViewCell.swift in Sources */,
				05196F2F1EDC8ABE0063C20B /* Constants.swift in Sources */,
				0558BF8C1EC42F71004B4B04 /* PhotoBrowserCell.swift in Sources */,
				05C3F3821ECC08D400C09AAB /* PhotoBrowserHeaderView.swift in Sources */,
				0558BF7F1EC422DF004B4B04 /* PhotosBrowserViewController.swift in Sources */,
				0507630B1EF63A4C0007A180 /* PhotosHorizontalTableViewController.swift in Sources */,
				0558BF861EC42468004B4B04 /* FlickrSearchResults.swift in Sources */,
				05196F311EDD00AF0063C20B /* RefreshView.swift in Sources */,
				0558BF6F1EC41E66004B4B04 /* ViewController.swift in Sources */,
				05196F2B1EDB4B930063C20B /* PhotosTableViewController.swift in Sources */,
				0558BF841EC42468004B4B04 /* Flickr.swift in Sources */,
				0558BF851EC42468004B4B04 /* FlickrPhoto.swift in Sources */,
				0558BF6D1EC41E66004B4B04 /* AppDelegate.swift in Sources */,
			);
			runOnlyForDeploymentPostprocessing = 0;
		};
/* End PBXSourcesBuildPhase section */

/* Begin PBXVariantGroup section */
		0558BF701EC41E66004B4B04 /* Main.storyboard */ = {
			isa = PBXVariantGroup;
			children = (
				0558BF711EC41E66004B4B04 /* Base */,
			);
			name = Main.storyboard;
			sourceTree = "<group>";
		};
		0558BF751EC41E66004B4B04 /* LaunchScreen.storyboard */ = {
			isa = PBXVariantGroup;
			children = (
				0558BF761EC41E66004B4B04 /* Base */,
			);
			name = LaunchScreen.storyboard;
			sourceTree = "<group>";
		};
/* End PBXVariantGroup section */

/* Begin XCBuildConfiguration section */
		0558BF791EC41E66004B4B04 /* Debug */ = {
			isa = XCBuildConfiguration;
			buildSettings = {
				ALWAYS_SEARCH_USER_PATHS = NO;
				CLANG_ANALYZER_NONNULL = YES;
				CLANG_ANALYZER_NUMBER_OBJECT_CONVERSION = YES_AGGRESSIVE;
				CLANG_CXX_LANGUAGE_STANDARD = "gnu++0x";
				CLANG_CXX_LIBRARY = "libc++";
				CLANG_ENABLE_MODULES = YES;
				CLANG_ENABLE_OBJC_ARC = YES;
				CLANG_WARN_BOOL_CONVERSION = YES;
				CLANG_WARN_CONSTANT_CONVERSION = YES;
				CLANG_WARN_DIRECT_OBJC_ISA_USAGE = YES_ERROR;
				CLANG_WARN_DOCUMENTATION_COMMENTS = YES;
				CLANG_WARN_EMPTY_BODY = YES;
				CLANG_WARN_ENUM_CONVERSION = YES;
				CLANG_WARN_INFINITE_RECURSION = YES;
				CLANG_WARN_INT_CONVERSION = YES;
				CLANG_WARN_OBJC_ROOT_CLASS = YES_ERROR;
				CLANG_WARN_SUSPICIOUS_MOVE = YES;
				CLANG_WARN_UNREACHABLE_CODE = YES;
				CLANG_WARN__DUPLICATE_METHOD_MATCH = YES;
				"CODE_SIGN_IDENTITY[sdk=iphoneos*]" = "iPhone Developer";
				COPY_PHASE_STRIP = NO;
				DEBUG_INFORMATION_FORMAT = dwarf;
				ENABLE_STRICT_OBJC_MSGSEND = YES;
				ENABLE_TESTABILITY = YES;
				GCC_C_LANGUAGE_STANDARD = gnu99;
				GCC_DYNAMIC_NO_PIC = NO;
				GCC_NO_COMMON_BLOCKS = YES;
				GCC_OPTIMIZATION_LEVEL = 0;
				GCC_PREPROCESSOR_DEFINITIONS = (
					"DEBUG=1",
					"$(inherited)",
				);
				GCC_WARN_64_TO_32_BIT_CONVERSION = YES;
				GCC_WARN_ABOUT_RETURN_TYPE = YES_ERROR;
				GCC_WARN_UNDECLARED_SELECTOR = YES;
				GCC_WARN_UNINITIALIZED_AUTOS = YES_AGGRESSIVE;
				GCC_WARN_UNUSED_FUNCTION = YES;
				GCC_WARN_UNUSED_VARIABLE = YES;
				IPHONEOS_DEPLOYMENT_TARGET = 10.3;
				MTL_ENABLE_DEBUG_INFO = YES;
				ONLY_ACTIVE_ARCH = YES;
				SDKROOT = iphoneos;
				SWIFT_ACTIVE_COMPILATION_CONDITIONS = DEBUG;
				SWIFT_OPTIMIZATION_LEVEL = "-Onone";
				TARGETED_DEVICE_FAMILY = "1,2";
			};
			name = Debug;
		};
		0558BF7A1EC41E66004B4B04 /* Release */ = {
			isa = XCBuildConfiguration;
			buildSettings = {
				ALWAYS_SEARCH_USER_PATHS = NO;
				CLANG_ANALYZER_NONNULL = YES;
				CLANG_ANALYZER_NUMBER_OBJECT_CONVERSION = YES_AGGRESSIVE;
				CLANG_CXX_LANGUAGE_STANDARD = "gnu++0x";
				CLANG_CXX_LIBRARY = "libc++";
				CLANG_ENABLE_MODULES = YES;
				CLANG_ENABLE_OBJC_ARC = YES;
				CLANG_WARN_BOOL_CONVERSION = YES;
				CLANG_WARN_CONSTANT_CONVERSION = YES;
				CLANG_WARN_DIRECT_OBJC_ISA_USAGE = YES_ERROR;
				CLANG_WARN_DOCUMENTATION_COMMENTS = YES;
				CLANG_WARN_EMPTY_BODY = YES;
				CLANG_WARN_ENUM_CONVERSION = YES;
				CLANG_WARN_INFINITE_RECURSION = YES;
				CLANG_WARN_INT_CONVERSION = YES;
				CLANG_WARN_OBJC_ROOT_CLASS = YES_ERROR;
				CLANG_WARN_SUSPICIOUS_MOVE = YES;
				CLANG_WARN_UNREACHABLE_CODE = YES;
				CLANG_WARN__DUPLICATE_METHOD_MATCH = YES;
				"CODE_SIGN_IDENTITY[sdk=iphoneos*]" = "iPhone Developer";
				COPY_PHASE_STRIP = NO;
				DEBUG_INFORMATION_FORMAT = "dwarf-with-dsym";
				ENABLE_NS_ASSERTIONS = NO;
				ENABLE_STRICT_OBJC_MSGSEND = YES;
				GCC_C_LANGUAGE_STANDARD = gnu99;
				GCC_NO_COMMON_BLOCKS = YES;
				GCC_WARN_64_TO_32_BIT_CONVERSION = YES;
				GCC_WARN_ABOUT_RETURN_TYPE = YES_ERROR;
				GCC_WARN_UNDECLARED_SELECTOR = YES;
				GCC_WARN_UNINITIALIZED_AUTOS = YES_AGGRESSIVE;
				GCC_WARN_UNUSED_FUNCTION = YES;
				GCC_WARN_UNUSED_VARIABLE = YES;
				IPHONEOS_DEPLOYMENT_TARGET = 10.3;
				MTL_ENABLE_DEBUG_INFO = NO;
				SDKROOT = iphoneos;
				SWIFT_OPTIMIZATION_LEVEL = "-Owholemodule";
				TARGETED_DEVICE_FAMILY = "1,2";
				VALIDATE_PRODUCT = YES;
			};
			name = Release;
		};
		0558BF7C1EC41E66004B4B04 /* Debug */ = {
			isa = XCBuildConfiguration;
			buildSettings = {
				ASSETCATALOG_COMPILER_APPICON_NAME = AppIcon;
				CODE_SIGN_IDENTITY = "iPhone Developer";
				DEVELOPMENT_TEAM = 72VNJQFA83;
				INFOPLIST_FILE = PhotoBrowser/Info.plist;
				IPHONEOS_DEPLOYMENT_TARGET = 10.0;
				LD_RUNPATH_SEARCH_PATHS = "$(inherited) @executable_path/Frameworks";
				PRODUCT_BUNDLE_IDENTIFIER = Hao.PhotoBrowser;
				PRODUCT_NAME = "$(TARGET_NAME)";
				SWIFT_VERSION = 3.0;
			};
			name = Debug;
		};
		0558BF7D1EC41E66004B4B04 /* Release */ = {
			isa = XCBuildConfiguration;
			buildSettings = {
				ASSETCATALOG_COMPILER_APPICON_NAME = AppIcon;
				CODE_SIGN_IDENTITY = "iPhone Distribution";
				DEVELOPMENT_TEAM = 72VNJQFA83;
				INFOPLIST_FILE = PhotoBrowser/Info.plist;
				IPHONEOS_DEPLOYMENT_TARGET = 10.0;
				LD_RUNPATH_SEARCH_PATHS = "$(inherited) @executable_path/Frameworks";
				PRODUCT_BUNDLE_IDENTIFIER = Hao.PhotoBrowser;
				PRODUCT_NAME = "$(TARGET_NAME)";
				SWIFT_VERSION = 3.0;
			};
			name = Release;
		};
/* End XCBuildConfiguration section */

/* Begin XCConfigurationList section */
		0558BF641EC41E66004B4B04 /* Build configuration list for PBXProject "PhotoBrowser" */ = {
			isa = XCConfigurationList;
			buildConfigurations = (
				0558BF791EC41E66004B4B04 /* Debug */,
				0558BF7A1EC41E66004B4B04 /* Release */,
			);
			defaultConfigurationIsVisible = 0;
			defaultConfigurationName = Release;
		};
		0558BF7B1EC41E66004B4B04 /* Build configuration list for PBXNativeTarget "PhotoBrowser" */ = {
			isa = XCConfigurationList;
			buildConfigurations = (
				0558BF7C1EC41E66004B4B04 /* Debug */,
				0558BF7D1EC41E66004B4B04 /* Release */,
			);
			defaultConfigurationIsVisible = 0;
			defaultConfigurationName = Release;
		};
/* End XCConfigurationList section */
	};
	rootObject = 0558BF611EC41E66004B4B04 /* Project object */;
}
